// !$*UTF8*$!
{
	archiveVersion = 1;
	classes = {
	};
	objectVersion = 46;
	objects = {

/* Begin PBXBuildFile section */
		27D7E634194D335E00DB5AA8 /* main.cpp in Sources */ = {isa = PBXBuildFile; fileRef = 27D7E633194D335E00DB5AA8 /* main.cpp */; };
/* End PBXBuildFile section */

/* Begin PBXCopyFilesBuildPhase section */
		27D7E62E194D335E00DB5AA8 /* CopyFiles */ = {
			isa = PBXCopyFilesBuildPhase;
			buildActionMask = 2147483647;
			dstPath = /usr/share/man/man1/;
			dstSubfolderSpec = 0;
			files = (
			);
			runOnlyForDeploymentPostprocessing = 1;
		};
/* End PBXCopyFilesBuildPhase section */

/* Begin PBXFileReference section */
		27D7E630194D335E00DB5AA8 /* Ripa na Xulipa */ = {isa = PBXFileReference; explicitFileType = "compiled.mach-o.executable"; includeInIndex = 0; path = "Ripa na Xulipa"; sourceTree = BUILT_PRODUCTS_DIR; };
		27D7E633194D335E00DB5AA8 /* main.cpp */ = {isa = PBXFileReference; lastKnownFileType = sourcecode.cpp.cpp; path = main.cpp; sourceTree = "<group>"; };
/* End PBXFileReference section */

/* Begin PBXFrameworksBuildPhase section */
		27D7E62D194D335E00DB5AA8 /* Frameworks */ = {
			isa = PBXFrameworksBuildPhase;
			buildActionMask = 2147483647;
			files = (
			);
			runOnlyForDeploymentPostprocessing = 0;
		};
/* End PBXFrameworksBuildPhase section */

/* Begin PBXGroup section */
		27D7E627194D335E00DB5AA8 = {
			isa = PBXGroup;
			children = (
				27D7E632194D335E00DB5AA8 /* Ripa na Xulipa */,
				27D7E631194D335E00DB5AA8 /* Products */,
			);
			sourceTree = "<group>";
		};
		27D7E631194D335E00DB5AA8 /* Products */ = {
			isa = PBXGroup;
			children = (
				27D7E630194D335E00DB5AA8 /* Ripa na Xulipa */,
			);
			name = Products;
			sourceTree = "<group>";
		};
		27D7E632194D335E00DB5AA8 /* Ripa na Xulipa */ = {
			isa = PBXGroup;
			children = (
				27D7E633194D335E00DB5AA8 /* main.cpp */,
			);
			path = "Ripa na Xulipa";
			sourceTree = "<group>";
		};
/* End PBXGroup section */

/* Begin PBXNativeTarget section */
		27D7E62F194D335E00DB5AA8 /* Ripa na Xulipa */ = {
			isa = PBXNativeTarget;
			buildConfigurationList = 27D7E637194D335E00DB5AA8 /* Build configuration list for PBXNativeTarget "Ripa na Xulipa" */;
			buildPhases = (
				27D7E62C194D335E00DB5AA8 /* Sources */,
				27D7E62D194D335E00DB5AA8 /* Frameworks */,
				27D7E62E194D335E00DB5AA8 /* CopyFiles */,
			);
			buildRules = (
			);
			dependencies = (
			);
			name = "Ripa na Xulipa";
			productName = "Ripa na Xulipa";
			productReference = 27D7E630194D335E00DB5AA8 /* Ripa na Xulipa */;
			productType = "com.apple.product-type.tool";
		};
/* End PBXNativeTarget section */

/* Begin PBXProject section */
		27D7E628194D335E00DB5AA8 /* Project object */ = {
			isa = PBXProject;
			attributes = {
				LastUpgradeCheck = 0600;
				ORGANIZATIONNAME = "Robson Ferreira Jacomini";
				TargetAttributes = {
					27D7E62F194D335E00DB5AA8 = {
						CreatedOnToolsVersion = 6.0;
					};
				};
			};
			buildConfigurationList = 27D7E62B194D335E00DB5AA8 /* Build configuration list for PBXProject "Ripa na Xulipa" */;
			compatibilityVersion = "Xcode 3.2";
			developmentRegion = English;
			hasScannedForEncodings = 0;
			knownRegions = (
				en,
			);
			mainGroup = 27D7E627194D335E00DB5AA8;
			productRefGroup = 27D7E631194D335E00DB5AA8 /* Products */;
			projectDirPath = "";
			projectRoot = "";
			targets = (
				27D7E62F194D335E00DB5AA8 /* Ripa na Xulipa */,
			);
		};
/* End PBXProject section */

/* Begin PBXSourcesBuildPhase section */
		27D7E62C194D335E00DB5AA8 /* Sources */ = {
			isa = PBXSourcesBuildPhase;
			buildActionMask = 2147483647;
			files = (
				27D7E634194D335E00DB5AA8 /* main.cpp in Sources */,
			);
			runOnlyForDeploymentPostprocessing = 0;
		};
/* End PBXSourcesBuildPhase section */

/* Begin XCBuildConfiguration section */
		27D7E635194D335E00DB5AA8 /* Debug */ = {
			isa = XCBuildConfiguration;
			buildSettings = {
				ALWAYS_SEARCH_USER_PATHS = NO;
				CLANG_CXX_LANGUAGE_STANDARD = "gnu++0x";
				CLANG_CXX_LIBRARY = "libc++";
				CLANG_ENABLE_MODULES = YES;
				CLANG_ENABLE_OBJC_ARC = YES;
				CLANG_WARN_BOOL_CONVERSION = YES;
				CLANG_WARN_CONSTANT_CONVERSION = YES;
				CLANG_WARN_DIRECT_OBJC_ISA_USAGE = YES_ERROR;
				CLANG_WARN_EMPTY_BODY = YES;
				CLANG_WARN_ENUM_CONVERSION = YES;
				CLANG_WARN_INT_CONVERSION = YES;
				CLANG_WARN_OBJC_ROOT_CLASS = YES_ERROR;
				CLANG_WARN_UNREACHABLE_CODE = YES;
				CLANG_WARN__DUPLICATE_METHOD_MATCH = YES;
				COPY_PHASE_STRIP = NO;
				ENABLE_STRICT_OBJC_MSGSEND = YES;
				GCC_C_LANGUAGE_STANDARD = gnu99;
				GCC_DYNAMIC_NO_PIC = NO;
				GCC_OPTIMIZATION_LEVEL = 0;
				GCC_PREPROCESSOR_DEFINITIONS = (
					"DEBUG=1",
					"$(inherited)",
				);
				GCC_SYMBOLS_PRIVATE_EXTERN = NO;
				GCC_WARN_64_TO_32_BIT_CONVERSION = YES;
				GCC_WARN_ABOUT_RETURN_TYPE = YES_ERROR;
				GCC_WARN_UNDECLARED_SELECTOR = YES;
				GCC_WARN_UNINITIALIZED_AUTOS = YES_AGGRESSIVE;
				GCC_WARN_UNUSED_FUNCTION = YES;
				GCC_WARN_UNUSED_VARIABLE = YES;
				MACOSX_DEPLOYMENT_TARGET = 10.10;
				METAL_ENABLE_DEBUG_INFO = YES;
				ONLY_ACTIVE_ARCH = YES;
				SDKROOT = macosx;
			};
			name = Debug;
		};
		27D7E636194D335E00DB5AA8 /* Release */ = {
			isa = XCBuildConfiguration;
			buildSettings = {
				ALWAYS_SEARCH_USER_PATHS = NO;
				CLANG_CXX_LANGUAGE_STANDARD = "gnu++0x";
				CLANG_CXX_LIBRARY = "libc++";
				CLANG_ENABLE_MODULES = YES;
				CLANG_ENABLE_OBJC_ARC = YES;
				CLANG_WARN_BOOL_CONVERSION = YES;
				CLANG_WARN_CONSTANT_CONVERSION = YES;
				CLANG_WARN_DIRECT_OBJC_ISA_USAGE = YES_ERROR;
				CLANG_WARN_EMPTY_BODY = YES;
				CLANG_WARN_ENUM_CONVERSION = YES;
				CLANG_WARN_INT_CONVERSION = YES;
				CLANG_WARN_OBJC_ROOT_CLASS = YES_ERROR;
				CLANG_WARN_UNREACHABLE_CODE = YES;
				CLANG_WARN__DUPLICATE_METHOD_MATCH = YES;
				COPY_PHASE_STRIP = YES;
				DEBUG_INFORMATION_FORMAT = "dwarf-with-dsym";
				ENABLE_NS_ASSERTIONS = NO;
				ENABLE_STRICT_OBJC_MSGSEND = YES;
				GCC_C_LANGUAGE_STANDARD = gnu99;
				GCC_WARN_64_TO_32_BIT_CONVERSION = YES;
				GCC_WARN_ABOUT_RETURN_TYPE = YES_ERROR;
				GCC_WARN_UNDECLARED_SELECTOR = YES;
				GCC_WARN_UNINITIALIZED_AUTOS = YES_AGGRESSIVE;
				GCC_WARN_UNUSED_FUNCTION = YES;
				GCC_WARN_UNUSED_VARIABLE = YES;
				MACOSX_DEPLOYMENT_TARGET = 10.10;
				METAL_ENABLE_DEBUG_INFO = NO;
				SDKROOT = macosx;
			};
			name = Release;
		};
		27D7E638194D335E00DB5AA8 /* Debug */ = {
			isa = XCBuildConfiguration;
			buildSettings = {
				PRODUCT_NAME = "$(TARGET_NAME)";
			};
			name = Debug;
		};
		27D7E639194D335E00DB5AA8 /* Release */ = {
			isa = XCBuildConfiguration;
			buildSettings = {
				PRODUCT_NAME = "$(TARGET_NAME)";
			};
			name = Release;
		};
/* End XCBuildConfiguration section */

/* Begin XCConfigurationList section */
		27D7E62B194D335E00DB5AA8 /* Build configuration list for PBXProject "Ripa na Xulipa" */ = {
			isa = XCConfigurationList;
			buildConfigurations = (
				27D7E635194D335E00DB5AA8 /* Debug */,
				27D7E636194D335E00DB5AA8 /* Release */,
			);
			defaultConfigurationIsVisible = 0;
			defaultConfigurationName = Release;
		};
		27D7E637194D335E00DB5AA8 /* Build configuration list for PBXNativeTarget "Ripa na Xulipa" */ = {
			isa = XCConfigurationList;
			buildConfigurations = (
				27D7E638194D335E00DB5AA8 /* Debug */,
				27D7E639194D335E00DB5AA8 /* Release */,
			);
			defaultConfigurationIsVisible = 0;
		};
/* End XCConfigurationList section */
	};
	rootObject = 27D7E628194D335E00DB5AA8 /* Project object */;
}
